
Microsoft Visual Studio Solution File, Format Version 12.00
Project("{FAE04EC0-301F-11D3-BF4B-00C04F79EFBC}") = "AS511-Communication", "AS511-Communication\AS511-Communication.csproj", "{C54DCBEB-9647-4D30-B1E3-013575CB5F29}"
EndProject
Global
	GlobalSection(SolutionConfigurationPlatforms) = preSolution
		Debug|Any CPU = Debug|Any CPU
		Release|Any CPU = Release|Any CPU
	EndGlobalSection
	GlobalSection(ProjectConfigurationPlatforms) = postSolution
		{C54DCBEB-9647-4D30-B1E3-013575CB5F29}.Debug|Any CPU.ActiveCfg = Debug|Any CPU
		{C54DCBEB-9647-4D30-B1E3-013575CB5F29}.Debug|Any CPU.Build.0 = Debug|Any CPU
		{C54DCBEB-9647-4D30-B1E3-013575CB5F29}.Release|Any CPU.ActiveCfg = Release|Any CPU
		{C54DCBEB-9647-4D30-B1E3-013575CB5F29}.Release|Any CPU.Build.0 = Release|Any CPU
	EndGlobalSection
EndGlobal
